
Microsoft Visual Studio Solution File, Format Version 11.00
# Visual Studio 2010
Project("{FAE04EC0-301F-11D3-BF4B-00C04F79EFBC}") = "SendGrid1.WinForm", "SendGrid1.WinForm\SendGrid1.WinForm.csproj", "{A366CB35-525B-4F40-ADB9-00D532121FCB}"
EndProject
Global
	GlobalSection(SolutionConfigurationPlatforms) = preSolution
		Debug|x86 = Debug|x86
		Release|x86 = Release|x86
	EndGlobalSection
	GlobalSection(ProjectConfigurationPlatforms) = postSolution
		{A366CB35-525B-4F40-ADB9-00D532121FCB}.Debug|x86.ActiveCfg = Debug|x86
		{A366CB35-525B-4F40-ADB9-00D532121FCB}.Debug|x86.Build.0 = Debug|x86
		{A366CB35-525B-4F40-ADB9-00D532121FCB}.Release|x86.ActiveCfg = Release|x86
		{A366CB35-525B-4F40-ADB9-00D532121FCB}.Release|x86.Build.0 = Release|x86
	EndGlobalSection
	GlobalSection(SolutionProperties) = preSolution
		HideSolutionNode = FALSE
	EndGlobalSection
EndGlobal
